
Microsoft Visual Studio Solution File, Format Version 12.00
# Visual Studio Version 17
VisualStudioVersion = 17.11.35327.3
MinimumVisualStudioVersion = 10.0.40219.1
Project("{FAE04EC0-301F-11D3-BF4B-00C04F79EFBC}") = "InventoryApp.Gui", "InventoryApp.Gui\InventoryApp.Gui.csproj", "{27CBDFF3-18C3-49ED-9665-D94B8553FB4A}"
EndProject
Project("{FAE04EC0-301F-11D3-BF4B-00C04F79EFBC}") = "InventoryApp.Lib", "InventoryApp.Lib\InventoryApp.Lib.csproj", "{F9BD6687-EB51-48FF-A169-B4ED505655DC}"
EndProject
Project("{FAE04EC0-301F-11D3-BF4B-00C04F79EFBC}") = "InventoryApp.Core", "InventoryApp.Core\InventoryApp.Core.csproj", "{5B288121-BF8F-47A8-8088-D7FF0FFF9655}"
EndProject
Global
	GlobalSection(SolutionConfigurationPlatforms) = preSolution
		Debug|Any CPU = Debug|Any CPU
		Release|Any CPU = Release|Any CPU
	EndGlobalSection
	GlobalSection(ProjectConfigurationPlatforms) = postSolution
		{27CBDFF3-18C3-49ED-9665-D94B8553FB4A}.Debug|Any CPU.ActiveCfg = Debug|Any CPU
		{27CBDFF3-18C3-49ED-9665-D94B8553FB4A}.Debug|Any CPU.Build.0 = Debug|Any CPU
		{27CBDFF3-18C3-49ED-9665-D94B8553FB4A}.Debug|Any CPU.Deploy.0 = Debug|Any CPU
		{27CBDFF3-18C3-49ED-9665-D94B8553FB4A}.Release|Any CPU.ActiveCfg = Release|Any CPU
		{27CBDFF3-18C3-49ED-9665-D94B8553FB4A}.Release|Any CPU.Build.0 = Release|Any CPU
		{27CBDFF3-18C3-49ED-9665-D94B8553FB4A}.Release|Any CPU.Deploy.0 = Release|Any CPU
		{F9BD6687-EB51-48FF-A169-B4ED505655DC}.Debug|Any CPU.ActiveCfg = Debug|Any CPU
		{F9BD6687-EB51-48FF-A169-B4ED505655DC}.Debug|Any CPU.Build.0 = Debug|Any CPU
		{F9BD6687-EB51-48FF-A169-B4ED505655DC}.Release|Any CPU.ActiveCfg = Release|Any CPU
		{F9BD6687-EB51-48FF-A169-B4ED505655DC}.Release|Any CPU.Build.0 = Release|Any CPU
		{5B288121-BF8F-47A8-8088-D7FF0FFF9655}.Debug|Any CPU.ActiveCfg = Debug|Any CPU
		{5B288121-BF8F-47A8-8088-D7FF0FFF9655}.Debug|Any CPU.Build.0 = Debug|Any CPU
		{5B288121-BF8F-47A8-8088-D7FF0FFF9655}.Release|Any CPU.ActiveCfg = Release|Any CPU
		{5B288121-BF8F-47A8-8088-D7FF0FFF9655}.Release|Any CPU.Build.0 = Release|Any CPU
	EndGlobalSection
	GlobalSection(SolutionProperties) = preSolution
		HideSolutionNode = FALSE
	EndGlobalSection
	GlobalSection(ExtensibilityGlobals) = postSolution
		SolutionGuid = {37BAC89E-6201-44D1-B7FC-FFE3A9912D1D}
	EndGlobalSection
EndGlobal
